// !$*UTF8*$!
{
	archiveVersion = 1;
	classes = {
	};
	objectVersion = 56;
	objects = {

/* Begin PBXBuildFile section */
		1914F276D36D3655A435B8EF /* Pods_Hotple.framework in Frameworks */ = {isa = PBXBuildFile; fileRef = 0B17499751BC035E36464D9E /* Pods_Hotple.framework */; };
		DB0168DF299B457A00E07875 /* FirebaseRepository.swift in Sources */ = {isa = PBXBuildFile; fileRef = DB0168DE299B457A00E07875 /* FirebaseRepository.swift */; };
		DB0168E7299C9B0100E07875 /* splash.json in Resources */ = {isa = PBXBuildFile; fileRef = DB0168E6299C9B0100E07875 /* splash.json */; };
		DB0168EA299CAF3100E07875 /* TestCell.swift in Sources */ = {isa = PBXBuildFile; fileRef = DB0168E9299CAF3100E07875 /* TestCell.swift */; };
		DB0168EC299CC70600E07875 /* Const.swift in Sources */ = {isa = PBXBuildFile; fileRef = DB0168EB299CC70600E07875 /* Const.swift */; };
		DB0168EE29A306A800E07875 /* ProfileSettingFlow.swift in Sources */ = {isa = PBXBuildFile; fileRef = DB0168ED29A306A800E07875 /* ProfileSettingFlow.swift */; };
		DB0168F029A306C000E07875 /* ProfileSettingViewReactor.swift in Sources */ = {isa = PBXBuildFile; fileRef = DB0168EF29A306C000E07875 /* ProfileSettingViewReactor.swift */; };
		DB0168F229A306CF00E07875 /* ProfileSettingViewController.swift in Sources */ = {isa = PBXBuildFile; fileRef = DB0168F129A306CF00E07875 /* ProfileSettingViewController.swift */; };
		DB0168F829ADB66F00E07875 /* UserUseCase.swift in Sources */ = {isa = PBXBuildFile; fileRef = DB0168F729ADB66F00E07875 /* UserUseCase.swift */; };
		DB0168FA29B0550E00E07875 /* ProfileSettingSection.swift in Sources */ = {isa = PBXBuildFile; fileRef = DB0168F929B0550E00E07875 /* ProfileSettingSection.swift */; };
		DB0168FC29B05A8700E07875 /* ProfileSettingMenuData.swift in Sources */ = {isa = PBXBuildFile; fileRef = DB0168FB29B05A8700E07875 /* ProfileSettingMenuData.swift */; };
		DB0168FF29B05E9000E07875 /* ProfileSettingMenuCell.swift in Sources */ = {isa = PBXBuildFile; fileRef = DB0168FE29B05E9000E07875 /* ProfileSettingMenuCell.swift */; };
		DB01690129D3F9AD00E07875 /* TabDashBoardViewReactor.swift in Sources */ = {isa = PBXBuildFile; fileRef = DB01690029D3F9AD00E07875 /* TabDashBoardViewReactor.swift */; };
		DB01690329D3F9C300E07875 /* TabDashBoardViewController.swift in Sources */ = {isa = PBXBuildFile; fileRef = DB01690229D3F9C300E07875 /* TabDashBoardViewController.swift */; };
		DB01690629D55B9300E07875 /* OSLog.framework in Frameworks */ = {isa = PBXBuildFile; fileRef = DB01690429D55B7700E07875 /* OSLog.framework */; settings = {ATTRIBUTES = (Weak, ); }; };
		DB01690829D55BF200E07875 /* OSLogExtension.swift in Sources */ = {isa = PBXBuildFile; fileRef = DB01690729D55BF200E07875 /* OSLogExtension.swift */; };
		DB20A41E298CC1D400AD31F7 /* KakaoUseCase.swift in Sources */ = {isa = PBXBuildFile; fileRef = DB20A41D298CC1D400AD31F7 /* KakaoUseCase.swift */; };
		DB20A422298CC5AD00AD31F7 /* KakaoRepository.swift in Sources */ = {isa = PBXBuildFile; fileRef = DB20A421298CC5AD00AD31F7 /* KakaoRepository.swift */; };
		DB20A4242991EE8800AD31F7 /* NaverUseCase.swift in Sources */ = {isa = PBXBuildFile; fileRef = DB20A4232991EE8800AD31F7 /* NaverUseCase.swift */; };
		DB20A4262991EF0F00AD31F7 /* NaverRepository.swift in Sources */ = {isa = PBXBuildFile; fileRef = DB20A4252991EF0F00AD31F7 /* NaverRepository.swift */; };
		DB20A428299327A100AD31F7 /* NaverData.swift in Sources */ = {isa = PBXBuildFile; fileRef = DB20A427299327A100AD31F7 /* NaverData.swift */; };
		DB20A42A29936D1A00AD31F7 /* KakaoData.swift in Sources */ = {isa = PBXBuildFile; fileRef = DB20A42929936D1A00AD31F7 /* KakaoData.swift */; };
		DB3E32B3299482F800EAD0B6 /* UserData.swift in Sources */ = {isa = PBXBuildFile; fileRef = DB3E32B2299482F800EAD0B6 /* UserData.swift */; };
		DB3E32B52995DEE100EAD0B6 /* TabDashBoardFlow.swift in Sources */ = {isa = PBXBuildFile; fileRef = DB3E32B42995DEE100EAD0B6 /* TabDashBoardFlow.swift */; };
		DB3E32B72995E5E300EAD0B6 /* HomeTabFlow.swift in Sources */ = {isa = PBXBuildFile; fileRef = DB3E32B62995E5E300EAD0B6 /* HomeTabFlow.swift */; };
		DB3E32B92995E5FD00EAD0B6 /* SearchTabFlow.swift in Sources */ = {isa = PBXBuildFile; fileRef = DB3E32B82995E5FD00EAD0B6 /* SearchTabFlow.swift */; };
		DB3E32BB2995E60800EAD0B6 /* MapTabFlow.swift in Sources */ = {isa = PBXBuildFile; fileRef = DB3E32BA2995E60800EAD0B6 /* MapTabFlow.swift */; };
		DB3E32BD2995E64400EAD0B6 /* FeedTabFlow.swift in Sources */ = {isa = PBXBuildFile; fileRef = DB3E32BC2995E64400EAD0B6 /* FeedTabFlow.swift */; };
		DB3E32BF2995E65600EAD0B6 /* ProfileTabFlow.swift in Sources */ = {isa = PBXBuildFile; fileRef = DB3E32BE2995E65600EAD0B6 /* ProfileTabFlow.swift */; };
		DB3E32C12995FBAE00EAD0B6 /* HomeTabViewReactor.swift in Sources */ = {isa = PBXBuildFile; fileRef = DB3E32C02995FBAE00EAD0B6 /* HomeTabViewReactor.swift */; };
		DB3E32C32995FBC700EAD0B6 /* SearchTabViewReactor.swift in Sources */ = {isa = PBXBuildFile; fileRef = DB3E32C22995FBC700EAD0B6 /* SearchTabViewReactor.swift */; };
		DB3E32C52995FBD400EAD0B6 /* MapTabViewReactor.swift in Sources */ = {isa = PBXBuildFile; fileRef = DB3E32C42995FBD400EAD0B6 /* MapTabViewReactor.swift */; };
		DB3E32C72995FBE800EAD0B6 /* FeedTabViewReactor.swift in Sources */ = {isa = PBXBuildFile; fileRef = DB3E32C62995FBE800EAD0B6 /* FeedTabViewReactor.swift */; };
		DB3E32C92995FBF800EAD0B6 /* ProfileTabViewReactor.swift in Sources */ = {isa = PBXBuildFile; fileRef = DB3E32C82995FBF800EAD0B6 /* ProfileTabViewReactor.swift */; };
		DB3E32CB2995FC0900EAD0B6 /* HomeTabViewController.swift in Sources */ = {isa = PBXBuildFile; fileRef = DB3E32CA2995FC0900EAD0B6 /* HomeTabViewController.swift */; };
		DB3E32CD2995FC1A00EAD0B6 /* SearchTabViewController.swift in Sources */ = {isa = PBXBuildFile; fileRef = DB3E32CC2995FC1A00EAD0B6 /* SearchTabViewController.swift */; };
		DB3E32CF2995FC2900EAD0B6 /* MapTabViewController.swift in Sources */ = {isa = PBXBuildFile; fileRef = DB3E32CE2995FC2900EAD0B6 /* MapTabViewController.swift */; };
		DB3E32D12995FC3800EAD0B6 /* FeedTabViewController.swift in Sources */ = {isa = PBXBuildFile; fileRef = DB3E32D02995FC3800EAD0B6 /* FeedTabViewController.swift */; };
		DB3E32D32995FC5100EAD0B6 /* ProfileTabViewController.swift in Sources */ = {isa = PBXBuildFile; fileRef = DB3E32D22995FC5100EAD0B6 /* ProfileTabViewController.swift */; };
		DB3E32D5299614E200EAD0B6 /* TestFlow.swift in Sources */ = {isa = PBXBuildFile; fileRef = DB3E32D4299614E200EAD0B6 /* TestFlow.swift */; };
		DB3E32D7299614ED00EAD0B6 /* TestViewReactor.swift in Sources */ = {isa = PBXBuildFile; fileRef = DB3E32D6299614ED00EAD0B6 /* TestViewReactor.swift */; };
		DB3E32D9299614FB00EAD0B6 /* TestViewController.swift in Sources */ = {isa = PBXBuildFile; fileRef = DB3E32D8299614FB00EAD0B6 /* TestViewController.swift */; };
		DB3E32DB2999BE2B00EAD0B6 /* SplashViewController.swift in Sources */ = {isa = PBXBuildFile; fileRef = DB3E32DA2999BE2B00EAD0B6 /* SplashViewController.swift */; };
		DB3E32DD2999BE4000EAD0B6 /* SplashViewReactor.swift in Sources */ = {isa = PBXBuildFile; fileRef = DB3E32DC2999BE4000EAD0B6 /* SplashViewReactor.swift */; };
		DB3E32DF2999BE4E00EAD0B6 /* SplashFlow.swift in Sources */ = {isa = PBXBuildFile; fileRef = DB3E32DE2999BE4E00EAD0B6 /* SplashFlow.swift */; };
		DB3E32E32999D19E00EAD0B6 /* LocalRepository.swift in Sources */ = {isa = PBXBuildFile; fileRef = DB3E32E22999D19E00EAD0B6 /* LocalRepository.swift */; };
		DB3E32E52999D5B800EAD0B6 /* UserDefaultKeys.swift in Sources */ = {isa = PBXBuildFile; fileRef = DB3E32E42999D5B800EAD0B6 /* UserDefaultKeys.swift */; };
		DB3E32E7299B1DF400EAD0B6 /* GoogleService-Info.plist in Resources */ = {isa = PBXBuildFile; fileRef = DB3E32E6299B1DF400EAD0B6 /* GoogleService-Info.plist */; };
		DB687AD4298A1C79006A5E69 /* AppFlow.swift in Sources */ = {isa = PBXBuildFile; fileRef = DB687AD3298A1C79006A5E69 /* AppFlow.swift */; };
		DB687AD6298A1DB5006A5E69 /* AppStep.swift in Sources */ = {isa = PBXBuildFile; fileRef = DB687AD5298A1DB5006A5E69 /* AppStep.swift */; };
		DB687AD8298A1E43006A5E69 /* LoginFlow.swift in Sources */ = {isa = PBXBuildFile; fileRef = DB687AD7298A1E43006A5E69 /* LoginFlow.swift */; };
		DB687ADA298A1EF8006A5E69 /* AppStepper.swift in Sources */ = {isa = PBXBuildFile; fileRef = DB687AD9298A1EF8006A5E69 /* AppStepper.swift */; };
		DB687ADC298A1FA5006A5E69 /* LoginViewReactor.swift in Sources */ = {isa = PBXBuildFile; fileRef = DB687ADB298A1FA5006A5E69 /* LoginViewReactor.swift */; };
		DB687ADE298A1FC5006A5E69 /* LoginViewController.swift in Sources */ = {isa = PBXBuildFile; fileRef = DB687ADD298A1FC5006A5E69 /* LoginViewController.swift */; };
		DB687AE5298A2BB3006A5E69 /* Localizable.strings in Resources */ = {isa = PBXBuildFile; fileRef = DB687AE7298A2BB3006A5E69 /* Localizable.strings */; };
		DB687AEB298A4545006A5E69 /* LoginButton.swift in Sources */ = {isa = PBXBuildFile; fileRef = DB687AEA298A4545006A5E69 /* LoginButton.swift */; };
		DB687AED298A4AE6006A5E69 /* Extension.swift in Sources */ = {isa = PBXBuildFile; fileRef = DB687AEC298A4AE6006A5E69 /* Extension.swift */; };
		DB687AF3298C99EB006A5E69 /* AppKeys.swift in Sources */ = {isa = PBXBuildFile; fileRef = DB687AF2298C99EB006A5E69 /* AppKeys.swift */; };
		DB830FD42989EECB00D76B2B /* AppDelegate.swift in Sources */ = {isa = PBXBuildFile; fileRef = DB830FD32989EECB00D76B2B /* AppDelegate.swift */; };
		DB830FD62989EECB00D76B2B /* SceneDelegate.swift in Sources */ = {isa = PBXBuildFile; fileRef = DB830FD52989EECB00D76B2B /* SceneDelegate.swift */; };
		DB830FDD2989EECB00D76B2B /* Assets.xcassets in Resources */ = {isa = PBXBuildFile; fileRef = DB830FDC2989EECB00D76B2B /* Assets.xcassets */; };
		DB830FE02989EECB00D76B2B /* LaunchScreen.storyboard in Resources */ = {isa = PBXBuildFile; fileRef = DB830FDE2989EECB00D76B2B /* LaunchScreen.storyboard */; };
		DBD21FC32A14B8860046EE3C /* restaurant.json in Resources */ = {isa = PBXBuildFile; fileRef = DBD21F7A2A14B8860046EE3C /* restaurant.json */; };
		DBD21FC42A14B8860046EE3C /* gangnam_8000.json in Resources */ = {isa = PBXBuildFile; fileRef = DBD21F7B2A14B8860046EE3C /* gangnam_8000.json */; };
		DBD21FC52A14B8860046EE3C /* poi.csv in Resources */ = {isa = PBXBuildFile; fileRef = DBD21F7D2A14B8860046EE3C /* poi.csv */; };
		DBD21FC62A14B8860046EE3C /* BMEuljiro10yearslaterOTF.otf in Resources */ = {isa = PBXBuildFile; fileRef = DBD21F7F2A14B8860046EE3C /* BMEuljiro10yearslaterOTF.otf */; };
		DBD21FC72A14B8860046EE3C /* NanumSquareRoundOTFR.otf in Resources */ = {isa = PBXBuildFile; fileRef = DBD21F802A14B8860046EE3C /* NanumSquareRoundOTFR.otf */; };
		DBD21FC82A14B8860046EE3C /* NanumSquareRoundOTFEB.otf in Resources */ = {isa = PBXBuildFile; fileRef = DBD21F812A14B8860046EE3C /* NanumSquareRoundOTFEB.otf */; };
		DBD21FC92A14B8860046EE3C /* LoadViewController.swift in Sources */ = {isa = PBXBuildFile; fileRef = DBD21F842A14B8860046EE3C /* LoadViewController.swift */; };
		DBD21FCA2A14B8860046EE3C /* DetailViewController.swift in Sources */ = {isa = PBXBuildFile; fileRef = DBD21F862A14B8860046EE3C /* DetailViewController.swift */; };
		DBD21FCB2A14B8860046EE3C /* DetailCollectionViewCell.swift in Sources */ = {isa = PBXBuildFile; fileRef = DBD21F882A14B8860046EE3C /* DetailCollectionViewCell.swift */; };
		DBD21FCC2A14B8860046EE3C /* DrawerController.swift in Sources */ = {isa = PBXBuildFile; fileRef = DBD21F8A2A14B8860046EE3C /* DrawerController.swift */; };
		DBD21FCD2A14B8860046EE3C /* MainViewController.swift in Sources */ = {isa = PBXBuildFile; fileRef = DBD21F8C2A14B8860046EE3C /* MainViewController.swift */; };
		DBD21FCE2A14B8860046EE3C /* MainInteractor.swift in Sources */ = {isa = PBXBuildFile; fileRef = DBD21F8D2A14B8860046EE3C /* MainInteractor.swift */; };
		DBD21FCF2A14B8860046EE3C /* MainPresenter.swift in Sources */ = {isa = PBXBuildFile; fileRef = DBD21F8E2A14B8860046EE3C /* MainPresenter.swift */; };
		DBD21FD02A14B8860046EE3C /* AlertType.swift in Sources */ = {isa = PBXBuildFile; fileRef = DBD21F8F2A14B8860046EE3C /* AlertType.swift */; };
		DBD21FD12A14B8860046EE3C /* MainAnimationController.swift in Sources */ = {isa = PBXBuildFile; fileRef = DBD21F912A14B8860046EE3C /* MainAnimationController.swift */; };
		DBD21FD32A14B8860046EE3C /* MarkerLayerFactory.swift in Sources */ = {isa = PBXBuildFile; fileRef = DBD21F942A14B8860046EE3C /* MarkerLayerFactory.swift */; };
		DBD21FD72A14B8860046EE3C /* ConvexHull.swift in Sources */ = {isa = PBXBuildFile; fileRef = DBD21F9B2A14B8860046EE3C /* ConvexHull.swift */; };
		DBD21FD82A14B8860046EE3C /* KMeans.swift in Sources */ = {isa = PBXBuildFile; fileRef = DBD21F9C2A14B8860046EE3C /* KMeans.swift */; };
		DBD21FD92A14B8860046EE3C /* Clustering.swift in Sources */ = {isa = PBXBuildFile; fileRef = DBD21F9D2A14B8860046EE3C /* Clustering.swift */; };
		DBD21FDA2A14B8860046EE3C /* ClusteringProtocol.swift in Sources */ = {isa = PBXBuildFile; fileRef = DBD21F9E2A14B8860046EE3C /* ClusteringProtocol.swift */; };
		DBD21FDB2A14B8860046EE3C /* Cluster.swift in Sources */ = {isa = PBXBuildFile; fileRef = DBD21F9F2A14B8860046EE3C /* Cluster.swift */; };
		DBD21FDC2A14B8860046EE3C /* POI.swift in Sources */ = {isa = PBXBuildFile; fileRef = DBD21FA22A14B8860046EE3C /* POI.swift */; };
		DBD21FDD2A14B8860046EE3C /* ManagedPOI+CoreDataClass.swift in Sources */ = {isa = PBXBuildFile; fileRef = DBD21FA32A14B8860046EE3C /* ManagedPOI+CoreDataClass.swift */; };
		DBD21FDE2A14B8860046EE3C /* ManagedPOI+CoreDataProperties.swift in Sources */ = {isa = PBXBuildFile; fileRef = DBD21FA42A14B8860046EE3C /* ManagedPOI+CoreDataProperties.swift */; };
		DBD21FDF2A14B8860046EE3C /* CoreDataLayer.swift in Sources */ = {isa = PBXBuildFile; fileRef = DBD21FA52A14B8860046EE3C /* CoreDataLayer.swift */; };
		DBD21FE02A14B8860046EE3C /* CoreDataContainer.swift in Sources */ = {isa = PBXBuildFile; fileRef = DBD21FA62A14B8860046EE3C /* CoreDataContainer.swift */; };
		DBD21FE12A14B8860046EE3C /* NMFMarker+.swift in Sources */ = {isa = PBXBuildFile; fileRef = DBD21FA82A14B8860046EE3C /* NMFMarker+.swift */; };
		DBD21FE22A14B8860046EE3C /* String+Localize.swift in Sources */ = {isa = PBXBuildFile; fileRef = DBD21FA92A14B8860046EE3C /* String+Localize.swift */; };
		DBD21FE32A14B8860046EE3C /* CGPoint+Distance.swift in Sources */ = {isa = PBXBuildFile; fileRef = DBD21FAA2A14B8860046EE3C /* CGPoint+Distance.swift */; };
		DBD21FE42A14B8860046EE3C /* NMFMarker+Animation.swift in Sources */ = {isa = PBXBuildFile; fileRef = DBD21FAB2A14B8860046EE3C /* NMFMarker+Animation.swift */; };
		DBD21FE52A14B8860046EE3C /* NMFCameraUpdate+.swift in Sources */ = {isa = PBXBuildFile; fileRef = DBD21FAC2A14B8860046EE3C /* NMFCameraUpdate+.swift */; };
		DBD21FE62A14B8860046EE3C /* CGPoint+isValid.swift in Sources */ = {isa = PBXBuildFile; fileRef = DBD21FAD2A14B8860046EE3C /* CGPoint+isValid.swift */; };
		DBD21FE72A14B8860046EE3C /* UIColor+.swift in Sources */ = {isa = PBXBuildFile; fileRef = DBD21FAE2A14B8860046EE3C /* UIColor+.swift */; };
		DBD21FE82A14B8860046EE3C /* String+Bundle.swift in Sources */ = {isa = PBXBuildFile; fileRef = DBD21FAF2A14B8860046EE3C /* String+Bundle.swift */; };
		DBD21FE92A14B8860046EE3C /* NMFPolygonOverlay+.swift in Sources */ = {isa = PBXBuildFile; fileRef = DBD21FB02A14B8860046EE3C /* NMFPolygonOverlay+.swift */; };
		DBD21FEA2A14B8860046EE3C /* CSVParser.swift in Sources */ = {isa = PBXBuildFile; fileRef = DBD21FB22A14B8860046EE3C /* CSVParser.swift */; };
		DBD21FEB2A14B8860046EE3C /* DataParser.swift in Sources */ = {isa = PBXBuildFile; fileRef = DBD21FB32A14B8860046EE3C /* DataParser.swift */; };
		DBD21FEC2A14B8860046EE3C /* ImageDownloader.swift in Sources */ = {isa = PBXBuildFile; fileRef = DBD21FB42A14B8860046EE3C /* ImageDownloader.swift */; };
		DBD21FED2A14B8860046EE3C /* IsCheck.swift in Sources */ = {isa = PBXBuildFile; fileRef = DBD21FB62A14B8860046EE3C /* IsCheck.swift */; };
		DBD21FEE2A14B8860046EE3C /* Value.swift in Sources */ = {isa = PBXBuildFile; fileRef = DBD21FB72A14B8860046EE3C /* Value.swift */; };
		DBD21FEF2A14B8860046EE3C /* AddressAPI.swift in Sources */ = {isa = PBXBuildFile; fileRef = DBD21FB82A14B8860046EE3C /* AddressAPI.swift */; };
		DBD21FF02A14B8860046EE3C /* JsonParser.swift in Sources */ = {isa = PBXBuildFile; fileRef = DBD21FB92A14B8860046EE3C /* JsonParser.swift */; };
		DBD21FF12A14B8860046EE3C /* MapSettings.swift in Sources */ = {isa = PBXBuildFile; fileRef = DBD21FBC2A14B8860046EE3C /* MapSettings.swift */; };
		DBD21FF22A14B8860046EE3C /* MapTypes.swift in Sources */ = {isa = PBXBuildFile; fileRef = DBD21FBD2A14B8860046EE3C /* MapTypes.swift */; };
		DBD21FF32A14B8860046EE3C /* LayerGroup.swift in Sources */ = {isa = PBXBuildFile; fileRef = DBD21FBE2A14B8860046EE3C /* LayerGroup.swift */; };
		DBD21FF42A14B8860046EE3C /* Geocoding.swift in Sources */ = {isa = PBXBuildFile; fileRef = DBD21FBF2A14B8860046EE3C /* Geocoding.swift */; };
		DBD21FF52A14B8860046EE3C /* LatLng.swift in Sources */ = {isa = PBXBuildFile; fileRef = DBD21FC02A14B8860046EE3C /* LatLng.swift */; };
		DBD21FF62A14B8860046EE3C /* POIModel.swift in Sources */ = {isa = PBXBuildFile; fileRef = DBD21FC12A14B8860046EE3C /* POIModel.swift */; };
		DBD21FF72A14B8860046EE3C /* LinkedList.swift in Sources */ = {isa = PBXBuildFile; fileRef = DBD21FC22A14B8860046EE3C /* LinkedList.swift */; };
		DBD21FFA2A14BC260046EE3C /* Loading.storyboard in Resources */ = {isa = PBXBuildFile; fileRef = DBD21FF82A14BC260046EE3C /* Loading.storyboard */; };
		DBD21FFB2A14BC260046EE3C /* Detail.storyboard in Resources */ = {isa = PBXBuildFile; fileRef = DBD21FF92A14BC260046EE3C /* Detail.storyboard */; };
/* End PBXBuildFile section */

/* Begin PBXFileReference section */
		0B17499751BC035E36464D9E /* Pods_Hotple.framework */ = {isa = PBXFileReference; explicitFileType = wrapper.framework; includeInIndex = 0; path = Pods_Hotple.framework; sourceTree = BUILT_PRODUCTS_DIR; };
		AD77685B3DA3552ACF9DAF24 /* Pods-Hotple.release.xcconfig */ = {isa = PBXFileReference; includeInIndex = 1; lastKnownFileType = text.xcconfig; name = "Pods-Hotple.release.xcconfig"; path = "Target Support Files/Pods-Hotple/Pods-Hotple.release.xcconfig"; sourceTree = "<group>"; };
		DB0168DE299B457A00E07875 /* FirebaseRepository.swift */ = {isa = PBXFileReference; lastKnownFileType = sourcecode.swift; path = FirebaseRepository.swift; sourceTree = "<group>"; };
		DB0168E6299C9B0100E07875 /* splash.json */ = {isa = PBXFileReference; fileEncoding = 4; lastKnownFileType = text.json; path = splash.json; sourceTree = "<group>"; };
		DB0168E9299CAF3100E07875 /* TestCell.swift */ = {isa = PBXFileReference; lastKnownFileType = sourcecode.swift; path = TestCell.swift; sourceTree = "<group>"; };
		DB0168EB299CC70600E07875 /* Const.swift */ = {isa = PBXFileReference; lastKnownFileType = sourcecode.swift; path = Const.swift; sourceTree = "<group>"; };
		DB0168ED29A306A800E07875 /* ProfileSettingFlow.swift */ = {isa = PBXFileReference; lastKnownFileType = sourcecode.swift; path = ProfileSettingFlow.swift; sourceTree = "<group>"; };
		DB0168EF29A306C000E07875 /* ProfileSettingViewReactor.swift */ = {isa = PBXFileReference; lastKnownFileType = sourcecode.swift; path = ProfileSettingViewReactor.swift; sourceTree = "<group>"; };
		DB0168F129A306CF00E07875 /* ProfileSettingViewController.swift */ = {isa = PBXFileReference; lastKnownFileType = sourcecode.swift; path = ProfileSettingViewController.swift; sourceTree = "<group>"; };
		DB0168F729ADB66F00E07875 /* UserUseCase.swift */ = {isa = PBXFileReference; lastKnownFileType = sourcecode.swift; path = UserUseCase.swift; sourceTree = "<group>"; };
		DB0168F929B0550E00E07875 /* ProfileSettingSection.swift */ = {isa = PBXFileReference; lastKnownFileType = sourcecode.swift; path = ProfileSettingSection.swift; sourceTree = "<group>"; };
		DB0168FB29B05A8700E07875 /* ProfileSettingMenuData.swift */ = {isa = PBXFileReference; lastKnownFileType = sourcecode.swift; path = ProfileSettingMenuData.swift; sourceTree = "<group>"; };
		DB0168FE29B05E9000E07875 /* ProfileSettingMenuCell.swift */ = {isa = PBXFileReference; lastKnownFileType = sourcecode.swift; path = ProfileSettingMenuCell.swift; sourceTree = "<group>"; };
		DB01690029D3F9AD00E07875 /* TabDashBoardViewReactor.swift */ = {isa = PBXFileReference; lastKnownFileType = sourcecode.swift; path = TabDashBoardViewReactor.swift; sourceTree = "<group>"; };
		DB01690229D3F9C300E07875 /* TabDashBoardViewController.swift */ = {isa = PBXFileReference; lastKnownFileType = sourcecode.swift; path = TabDashBoardViewController.swift; sourceTree = "<group>"; };
		DB01690429D55B7700E07875 /* OSLog.framework */ = {isa = PBXFileReference; lastKnownFileType = wrapper.framework; name = OSLog.framework; path = System/Library/Frameworks/OSLog.framework; sourceTree = SDKROOT; };
		DB01690729D55BF200E07875 /* OSLogExtension.swift */ = {isa = PBXFileReference; lastKnownFileType = sourcecode.swift; path = OSLogExtension.swift; sourceTree = "<group>"; };
		DB20A41D298CC1D400AD31F7 /* KakaoUseCase.swift */ = {isa = PBXFileReference; lastKnownFileType = sourcecode.swift; path = KakaoUseCase.swift; sourceTree = "<group>"; };
		DB20A421298CC5AD00AD31F7 /* KakaoRepository.swift */ = {isa = PBXFileReference; lastKnownFileType = sourcecode.swift; path = KakaoRepository.swift; sourceTree = "<group>"; };
		DB20A4232991EE8800AD31F7 /* NaverUseCase.swift */ = {isa = PBXFileReference; lastKnownFileType = sourcecode.swift; path = NaverUseCase.swift; sourceTree = "<group>"; };
		DB20A4252991EF0F00AD31F7 /* NaverRepository.swift */ = {isa = PBXFileReference; lastKnownFileType = sourcecode.swift; path = NaverRepository.swift; sourceTree = "<group>"; };
		DB20A427299327A100AD31F7 /* NaverData.swift */ = {isa = PBXFileReference; lastKnownFileType = sourcecode.swift; path = NaverData.swift; sourceTree = "<group>"; };
		DB20A42929936D1A00AD31F7 /* KakaoData.swift */ = {isa = PBXFileReference; lastKnownFileType = sourcecode.swift; path = KakaoData.swift; sourceTree = "<group>"; };
		DB3E32B2299482F800EAD0B6 /* UserData.swift */ = {isa = PBXFileReference; lastKnownFileType = sourcecode.swift; path = UserData.swift; sourceTree = "<group>"; };
		DB3E32B42995DEE100EAD0B6 /* TabDashBoardFlow.swift */ = {isa = PBXFileReference; lastKnownFileType = sourcecode.swift; path = TabDashBoardFlow.swift; sourceTree = "<group>"; };
		DB3E32B62995E5E300EAD0B6 /* HomeTabFlow.swift */ = {isa = PBXFileReference; lastKnownFileType = sourcecode.swift; path = HomeTabFlow.swift; sourceTree = "<group>"; };
		DB3E32B82995E5FD00EAD0B6 /* SearchTabFlow.swift */ = {isa = PBXFileReference; lastKnownFileType = sourcecode.swift; path = SearchTabFlow.swift; sourceTree = "<group>"; };
		DB3E32BA2995E60800EAD0B6 /* MapTabFlow.swift */ = {isa = PBXFileReference; lastKnownFileType = sourcecode.swift; path = MapTabFlow.swift; sourceTree = "<group>"; };
		DB3E32BC2995E64400EAD0B6 /* FeedTabFlow.swift */ = {isa = PBXFileReference; lastKnownFileType = sourcecode.swift; path = FeedTabFlow.swift; sourceTree = "<group>"; };
		DB3E32BE2995E65600EAD0B6 /* ProfileTabFlow.swift */ = {isa = PBXFileReference; lastKnownFileType = sourcecode.swift; path = ProfileTabFlow.swift; sourceTree = "<group>"; };
		DB3E32C02995FBAE00EAD0B6 /* HomeTabViewReactor.swift */ = {isa = PBXFileReference; lastKnownFileType = sourcecode.swift; path = HomeTabViewReactor.swift; sourceTree = "<group>"; };
		DB3E32C22995FBC700EAD0B6 /* SearchTabViewReactor.swift */ = {isa = PBXFileReference; lastKnownFileType = sourcecode.swift; path = SearchTabViewReactor.swift; sourceTree = "<group>"; };
		DB3E32C42995FBD400EAD0B6 /* MapTabViewReactor.swift */ = {isa = PBXFileReference; lastKnownFileType = sourcecode.swift; path = MapTabViewReactor.swift; sourceTree = "<group>"; };
		DB3E32C62995FBE800EAD0B6 /* FeedTabViewReactor.swift */ = {isa = PBXFileReference; lastKnownFileType = sourcecode.swift; path = FeedTabViewReactor.swift; sourceTree = "<group>"; };
		DB3E32C82995FBF800EAD0B6 /* ProfileTabViewReactor.swift */ = {isa = PBXFileReference; lastKnownFileType = sourcecode.swift; path = ProfileTabViewReactor.swift; sourceTree = "<group>"; };
		DB3E32CA2995FC0900EAD0B6 /* HomeTabViewController.swift */ = {isa = PBXFileReference; lastKnownFileType = sourcecode.swift; path = HomeTabViewController.swift; sourceTree = "<group>"; };
		DB3E32CC2995FC1A00EAD0B6 /* SearchTabViewController.swift */ = {isa = PBXFileReference; lastKnownFileType = sourcecode.swift; path = SearchTabViewController.swift; sourceTree = "<group>"; };
		DB3E32CE2995FC2900EAD0B6 /* MapTabViewController.swift */ = {isa = PBXFileReference; lastKnownFileType = sourcecode.swift; path = MapTabViewController.swift; sourceTree = "<group>"; };
		DB3E32D02995FC3800EAD0B6 /* FeedTabViewController.swift */ = {isa = PBXFileReference; lastKnownFileType = sourcecode.swift; path = FeedTabViewController.swift; sourceTree = "<group>"; };
		DB3E32D22995FC5100EAD0B6 /* ProfileTabViewController.swift */ = {isa = PBXFileReference; lastKnownFileType = sourcecode.swift; path = ProfileTabViewController.swift; sourceTree = "<group>"; };
		DB3E32D4299614E200EAD0B6 /* TestFlow.swift */ = {isa = PBXFileReference; lastKnownFileType = sourcecode.swift; path = TestFlow.swift; sourceTree = "<group>"; };
		DB3E32D6299614ED00EAD0B6 /* TestViewReactor.swift */ = {isa = PBXFileReference; lastKnownFileType = sourcecode.swift; path = TestViewReactor.swift; sourceTree = "<group>"; };
		DB3E32D8299614FB00EAD0B6 /* TestViewController.swift */ = {isa = PBXFileReference; lastKnownFileType = sourcecode.swift; path = TestViewController.swift; sourceTree = "<group>"; };
		DB3E32DA2999BE2B00EAD0B6 /* SplashViewController.swift */ = {isa = PBXFileReference; lastKnownFileType = sourcecode.swift; path = SplashViewController.swift; sourceTree = "<group>"; };
		DB3E32DC2999BE4000EAD0B6 /* SplashViewReactor.swift */ = {isa = PBXFileReference; lastKnownFileType = sourcecode.swift; path = SplashViewReactor.swift; sourceTree = "<group>"; };
		DB3E32DE2999BE4E00EAD0B6 /* SplashFlow.swift */ = {isa = PBXFileReference; lastKnownFileType = sourcecode.swift; path = SplashFlow.swift; sourceTree = "<group>"; };
		DB3E32E22999D19E00EAD0B6 /* LocalRepository.swift */ = {isa = PBXFileReference; lastKnownFileType = sourcecode.swift; path = LocalRepository.swift; sourceTree = "<group>"; };
		DB3E32E42999D5B800EAD0B6 /* UserDefaultKeys.swift */ = {isa = PBXFileReference; lastKnownFileType = sourcecode.swift; path = UserDefaultKeys.swift; sourceTree = "<group>"; };
		DB3E32E6299B1DF400EAD0B6 /* GoogleService-Info.plist */ = {isa = PBXFileReference; fileEncoding = 4; lastKnownFileType = text.plist.xml; path = "GoogleService-Info.plist"; sourceTree = "<group>"; };
		DB687AD3298A1C79006A5E69 /* AppFlow.swift */ = {isa = PBXFileReference; lastKnownFileType = sourcecode.swift; path = AppFlow.swift; sourceTree = "<group>"; };
		DB687AD5298A1DB5006A5E69 /* AppStep.swift */ = {isa = PBXFileReference; lastKnownFileType = sourcecode.swift; path = AppStep.swift; sourceTree = "<group>"; };
		DB687AD7298A1E43006A5E69 /* LoginFlow.swift */ = {isa = PBXFileReference; lastKnownFileType = sourcecode.swift; path = LoginFlow.swift; sourceTree = "<group>"; };
		DB687AD9298A1EF8006A5E69 /* AppStepper.swift */ = {isa = PBXFileReference; lastKnownFileType = sourcecode.swift; path = AppStepper.swift; sourceTree = "<group>"; };
		DB687ADB298A1FA5006A5E69 /* LoginViewReactor.swift */ = {isa = PBXFileReference; lastKnownFileType = sourcecode.swift; path = LoginViewReactor.swift; sourceTree = "<group>"; };
		DB687ADD298A1FC5006A5E69 /* LoginViewController.swift */ = {isa = PBXFileReference; lastKnownFileType = sourcecode.swift; path = LoginViewController.swift; sourceTree = "<group>"; };
		DB687AE6298A2BB3006A5E69 /* en */ = {isa = PBXFileReference; lastKnownFileType = text.plist.strings; name = en; path = en.lproj/Localizable.strings; sourceTree = "<group>"; };
		DB687AE8298A2BF3006A5E69 /* ko */ = {isa = PBXFileReference; lastKnownFileType = text.plist.strings; name = ko; path = ko.lproj/Localizable.strings; sourceTree = "<group>"; };
		DB687AEA298A4545006A5E69 /* LoginButton.swift */ = {isa = PBXFileReference; lastKnownFileType = sourcecode.swift; path = LoginButton.swift; sourceTree = "<group>"; };
		DB687AEC298A4AE6006A5E69 /* Extension.swift */ = {isa = PBXFileReference; lastKnownFileType = sourcecode.swift; path = Extension.swift; sourceTree = "<group>"; };
		DB687AF2298C99EB006A5E69 /* AppKeys.swift */ = {isa = PBXFileReference; lastKnownFileType = sourcecode.swift; path = AppKeys.swift; sourceTree = "<group>"; };
		DB830FD02989EECB00D76B2B /* Hotple.app */ = {isa = PBXFileReference; explicitFileType = wrapper.application; includeInIndex = 0; path = Hotple.app; sourceTree = BUILT_PRODUCTS_DIR; };
		DB830FD32989EECB00D76B2B /* AppDelegate.swift */ = {isa = PBXFileReference; lastKnownFileType = sourcecode.swift; path = AppDelegate.swift; sourceTree = "<group>"; };
		DB830FD52989EECB00D76B2B /* SceneDelegate.swift */ = {isa = PBXFileReference; lastKnownFileType = sourcecode.swift; path = SceneDelegate.swift; sourceTree = "<group>"; };
		DB830FDC2989EECB00D76B2B /* Assets.xcassets */ = {isa = PBXFileReference; lastKnownFileType = folder.assetcatalog; path = Assets.xcassets; sourceTree = "<group>"; };
		DB830FDF2989EECB00D76B2B /* Base */ = {isa = PBXFileReference; lastKnownFileType = file.storyboard; name = Base; path = Base.lproj/LaunchScreen.storyboard; sourceTree = "<group>"; };
		DB830FE12989EECB00D76B2B /* Info.plist */ = {isa = PBXFileReference; lastKnownFileType = text.plist.xml; path = Info.plist; sourceTree = "<group>"; };
		DBD21F7A2A14B8860046EE3C /* restaurant.json */ = {isa = PBXFileReference; fileEncoding = 4; lastKnownFileType = text.json; path = restaurant.json; sourceTree = "<group>"; };
		DBD21F7B2A14B8860046EE3C /* gangnam_8000.json */ = {isa = PBXFileReference; fileEncoding = 4; lastKnownFileType = text.json; path = gangnam_8000.json; sourceTree = "<group>"; };
		DBD21F7D2A14B8860046EE3C /* poi.csv */ = {isa = PBXFileReference; fileEncoding = 4; lastKnownFileType = text; path = poi.csv; sourceTree = "<group>"; };
		DBD21F7F2A14B8860046EE3C /* BMEuljiro10yearslaterOTF.otf */ = {isa = PBXFileReference; lastKnownFileType = file; path = BMEuljiro10yearslaterOTF.otf; sourceTree = "<group>"; };
		DBD21F802A14B8860046EE3C /* NanumSquareRoundOTFR.otf */ = {isa = PBXFileReference; lastKnownFileType = file; path = NanumSquareRoundOTFR.otf; sourceTree = "<group>"; };
		DBD21F812A14B8860046EE3C /* NanumSquareRoundOTFEB.otf */ = {isa = PBXFileReference; lastKnownFileType = file; path = NanumSquareRoundOTFEB.otf; sourceTree = "<group>"; };
		DBD21F842A14B8860046EE3C /* LoadViewController.swift */ = {isa = PBXFileReference; fileEncoding = 4; lastKnownFileType = sourcecode.swift; path = LoadViewController.swift; sourceTree = "<group>"; };
		DBD21F862A14B8860046EE3C /* DetailViewController.swift */ = {isa = PBXFileReference; fileEncoding = 4; lastKnownFileType = sourcecode.swift; path = DetailViewController.swift; sourceTree = "<group>"; };
		DBD21F882A14B8860046EE3C /* DetailCollectionViewCell.swift */ = {isa = PBXFileReference; fileEncoding = 4; lastKnownFileType = sourcecode.swift; path = DetailCollectionViewCell.swift; sourceTree = "<group>"; };
		DBD21F8A2A14B8860046EE3C /* DrawerController.swift */ = {isa = PBXFileReference; fileEncoding = 4; lastKnownFileType = sourcecode.swift; path = DrawerController.swift; sourceTree = "<group>"; };
		DBD21F8C2A14B8860046EE3C /* MainViewController.swift */ = {isa = PBXFileReference; fileEncoding = 4; lastKnownFileType = sourcecode.swift; path = MainViewController.swift; sourceTree = "<group>"; };
		DBD21F8D2A14B8860046EE3C /* MainInteractor.swift */ = {isa = PBXFileReference; fileEncoding = 4; lastKnownFileType = sourcecode.swift; path = MainInteractor.swift; sourceTree = "<group>"; };
		DBD21F8E2A14B8860046EE3C /* MainPresenter.swift */ = {isa = PBXFileReference; fileEncoding = 4; lastKnownFileType = sourcecode.swift; path = MainPresenter.swift; sourceTree = "<group>"; };
		DBD21F8F2A14B8860046EE3C /* AlertType.swift */ = {isa = PBXFileReference; fileEncoding = 4; lastKnownFileType = sourcecode.swift; path = AlertType.swift; sourceTree = "<group>"; };
		DBD21F912A14B8860046EE3C /* MainAnimationController.swift */ = {isa = PBXFileReference; fileEncoding = 4; lastKnownFileType = sourcecode.swift; path = MainAnimationController.swift; sourceTree = "<group>"; };
		DBD21F942A14B8860046EE3C /* MarkerLayerFactory.swift */ = {isa = PBXFileReference; fileEncoding = 4; lastKnownFileType = sourcecode.swift; path = MarkerLayerFactory.swift; sourceTree = "<group>"; };
		DBD21F9B2A14B8860046EE3C /* ConvexHull.swift */ = {isa = PBXFileReference; fileEncoding = 4; lastKnownFileType = sourcecode.swift; path = ConvexHull.swift; sourceTree = "<group>"; };
		DBD21F9C2A14B8860046EE3C /* KMeans.swift */ = {isa = PBXFileReference; fileEncoding = 4; lastKnownFileType = sourcecode.swift; path = KMeans.swift; sourceTree = "<group>"; };
		DBD21F9D2A14B8860046EE3C /* Clustering.swift */ = {isa = PBXFileReference; fileEncoding = 4; lastKnownFileType = sourcecode.swift; path = Clustering.swift; sourceTree = "<group>"; };
		DBD21F9E2A14B8860046EE3C /* ClusteringProtocol.swift */ = {isa = PBXFileReference; fileEncoding = 4; lastKnownFileType = sourcecode.swift; path = ClusteringProtocol.swift; sourceTree = "<group>"; };
		DBD21F9F2A14B8860046EE3C /* Cluster.swift */ = {isa = PBXFileReference; fileEncoding = 4; lastKnownFileType = sourcecode.swift; path = Cluster.swift; sourceTree = "<group>"; };
		DBD21FA22A14B8860046EE3C /* POI.swift */ = {isa = PBXFileReference; fileEncoding = 4; lastKnownFileType = sourcecode.swift; path = POI.swift; sourceTree = "<group>"; };
		DBD21FA32A14B8860046EE3C /* ManagedPOI+CoreDataClass.swift */ = {isa = PBXFileReference; fileEncoding = 4; lastKnownFileType = sourcecode.swift; path = "ManagedPOI+CoreDataClass.swift"; sourceTree = "<group>"; };
		DBD21FA42A14B8860046EE3C /* ManagedPOI+CoreDataProperties.swift */ = {isa = PBXFileReference; fileEncoding = 4; lastKnownFileType = sourcecode.swift; path = "ManagedPOI+CoreDataProperties.swift"; sourceTree = "<group>"; };
		DBD21FA52A14B8860046EE3C /* CoreDataLayer.swift */ = {isa = PBXFileReference; fileEncoding = 4; lastKnownFileType = sourcecode.swift; path = CoreDataLayer.swift; sourceTree = "<group>"; };
		DBD21FA62A14B8860046EE3C /* CoreDataContainer.swift */ = {isa = PBXFileReference; fileEncoding = 4; lastKnownFileType = sourcecode.swift; path = CoreDataContainer.swift; sourceTree = "<group>"; };
		DBD21FA82A14B8860046EE3C /* NMFMarker+.swift */ = {isa = PBXFileReference; fileEncoding = 4; lastKnownFileType = sourcecode.swift; path = "NMFMarker+.swift"; sourceTree = "<group>"; };
		DBD21FA92A14B8860046EE3C /* String+Localize.swift */ = {isa = PBXFileReference; fileEncoding = 4; lastKnownFileType = sourcecode.swift; path = "String+Localize.swift"; sourceTree = "<group>"; };
		DBD21FAA2A14B8860046EE3C /* CGPoint+Distance.swift */ = {isa = PBXFileReference; fileEncoding = 4; lastKnownFileType = sourcecode.swift; path = "CGPoint+Distance.swift"; sourceTree = "<group>"; };
		DBD21FAB2A14B8860046EE3C /* NMFMarker+Animation.swift */ = {isa = PBXFileReference; fileEncoding = 4; lastKnownFileType = sourcecode.swift; path = "NMFMarker+Animation.swift"; sourceTree = "<group>"; };
		DBD21FAC2A14B8860046EE3C /* NMFCameraUpdate+.swift */ = {isa = PBXFileReference; fileEncoding = 4; lastKnownFileType = sourcecode.swift; path = "NMFCameraUpdate+.swift"; sourceTree = "<group>"; };
		DBD21FAD2A14B8860046EE3C /* CGPoint+isValid.swift */ = {isa = PBXFileReference; fileEncoding = 4; lastKnownFileType = sourcecode.swift; path = "CGPoint+isValid.swift"; sourceTree = "<group>"; };
		DBD21FAE2A14B8860046EE3C /* UIColor+.swift */ = {isa = PBXFileReference; fileEncoding = 4; lastKnownFileType = sourcecode.swift; path = "UIColor+.swift"; sourceTree = "<group>"; };
		DBD21FAF2A14B8860046EE3C /* String+Bundle.swift */ = {isa = PBXFileReference; fileEncoding = 4; lastKnownFileType = sourcecode.swift; path = "String+Bundle.swift"; sourceTree = "<group>"; };
		DBD21FB02A14B8860046EE3C /* NMFPolygonOverlay+.swift */ = {isa = PBXFileReference; fileEncoding = 4; lastKnownFileType = sourcecode.swift; path = "NMFPolygonOverlay+.swift"; sourceTree = "<group>"; };
		DBD21FB22A14B8860046EE3C /* CSVParser.swift */ = {isa = PBXFileReference; fileEncoding = 4; lastKnownFileType = sourcecode.swift; path = CSVParser.swift; sourceTree = "<group>"; };
		DBD21FB32A14B8860046EE3C /* DataParser.swift */ = {isa = PBXFileReference; fileEncoding = 4; lastKnownFileType = sourcecode.swift; path = DataParser.swift; sourceTree = "<group>"; };
		DBD21FB42A14B8860046EE3C /* ImageDownloader.swift */ = {isa = PBXFileReference; fileEncoding = 4; lastKnownFileType = sourcecode.swift; path = ImageDownloader.swift; sourceTree = "<group>"; };
		DBD21FB62A14B8860046EE3C /* IsCheck.swift */ = {isa = PBXFileReference; fileEncoding = 4; lastKnownFileType = sourcecode.swift; path = IsCheck.swift; sourceTree = "<group>"; };
		DBD21FB72A14B8860046EE3C /* Value.swift */ = {isa = PBXFileReference; fileEncoding = 4; lastKnownFileType = sourcecode.swift; path = Value.swift; sourceTree = "<group>"; };
		DBD21FB82A14B8860046EE3C /* AddressAPI.swift */ = {isa = PBXFileReference; fileEncoding = 4; lastKnownFileType = sourcecode.swift; path = AddressAPI.swift; sourceTree = "<group>"; };
		DBD21FB92A14B8860046EE3C /* JsonParser.swift */ = {isa = PBXFileReference; fileEncoding = 4; lastKnownFileType = sourcecode.swift; path = JsonParser.swift; sourceTree = "<group>"; };
		DBD21FBC2A14B8860046EE3C /* MapSettings.swift */ = {isa = PBXFileReference; fileEncoding = 4; lastKnownFileType = sourcecode.swift; path = MapSettings.swift; sourceTree = "<group>"; };
		DBD21FBD2A14B8860046EE3C /* MapTypes.swift */ = {isa = PBXFileReference; fileEncoding = 4; lastKnownFileType = sourcecode.swift; path = MapTypes.swift; sourceTree = "<group>"; };
		DBD21FBE2A14B8860046EE3C /* LayerGroup.swift */ = {isa = PBXFileReference; fileEncoding = 4; lastKnownFileType = sourcecode.swift; path = LayerGroup.swift; sourceTree = "<group>"; };
		DBD21FBF2A14B8860046EE3C /* Geocoding.swift */ = {isa = PBXFileReference; fileEncoding = 4; lastKnownFileType = sourcecode.swift; path = Geocoding.swift; sourceTree = "<group>"; };
		DBD21FC02A14B8860046EE3C /* LatLng.swift */ = {isa = PBXFileReference; fileEncoding = 4; lastKnownFileType = sourcecode.swift; path = LatLng.swift; sourceTree = "<group>"; };
		DBD21FC12A14B8860046EE3C /* POIModel.swift */ = {isa = PBXFileReference; fileEncoding = 4; lastKnownFileType = sourcecode.swift; path = POIModel.swift; sourceTree = "<group>"; };
		DBD21FC22A14B8860046EE3C /* LinkedList.swift */ = {isa = PBXFileReference; fileEncoding = 4; lastKnownFileType = sourcecode.swift; path = LinkedList.swift; sourceTree = "<group>"; };
		DBD21FF82A14BC260046EE3C /* Loading.storyboard */ = {isa = PBXFileReference; fileEncoding = 4; lastKnownFileType = file.storyboard; path = Loading.storyboard; sourceTree = "<group>"; };
		DBD21FF92A14BC260046EE3C /* Detail.storyboard */ = {isa = PBXFileReference; fileEncoding = 4; lastKnownFileType = file.storyboard; path = Detail.storyboard; sourceTree = "<group>"; };
		E0A947FA276A7FD213BEA009 /* Pods-Hotple.debug.xcconfig */ = {isa = PBXFileReference; includeInIndex = 1; lastKnownFileType = text.xcconfig; name = "Pods-Hotple.debug.xcconfig"; path = "Target Support Files/Pods-Hotple/Pods-Hotple.debug.xcconfig"; sourceTree = "<group>"; };
/* End PBXFileReference section */

/* Begin PBXFrameworksBuildPhase section */
		DB830FCD2989EECB00D76B2B /* Frameworks */ = {
			isa = PBXFrameworksBuildPhase;
			buildActionMask = 2147483647;
			files = (
				DB01690629D55B9300E07875 /* OSLog.framework in Frameworks */,
				1914F276D36D3655A435B8EF /* Pods_Hotple.framework in Frameworks */,
			);
			runOnlyForDeploymentPostprocessing = 0;
		};
/* End PBXFrameworksBuildPhase section */

/* Begin PBXGroup section */
		2C584BCDFE318348939228F1 /* Frameworks */ = {
			isa = PBXGroup;
			children = (
				DB01690429D55B7700E07875 /* OSLog.framework */,
				0B17499751BC035E36464D9E /* Pods_Hotple.framework */,
			);
			name = Frameworks;
			sourceTree = "<group>";
		};
		3150BF9F434A83CEB27E6872 /* Pods */ = {
			isa = PBXGroup;
			children = (
				E0A947FA276A7FD213BEA009 /* Pods-Hotple.debug.xcconfig */,
				AD77685B3DA3552ACF9DAF24 /* Pods-Hotple.release.xcconfig */,
			);
			path = Pods;
			sourceTree = "<group>";
		};
		DB0168DB299B453A00E07875 /* Local */ = {
			isa = PBXGroup;
			children = (
				DB3E32E22999D19E00EAD0B6 /* LocalRepository.swift */,
			);
			path = Local;
			sourceTree = "<group>";
		};
		DB0168DC299B454700E07875 /* SNSLogin */ = {
			isa = PBXGroup;
			children = (
				DB20A421298CC5AD00AD31F7 /* KakaoRepository.swift */,
				DB20A4252991EF0F00AD31F7 /* NaverRepository.swift */,
			);
			path = SNSLogin;
			sourceTree = "<group>";
		};
		DB0168DD299B455400E07875 /* Firestore */ = {
			isa = PBXGroup;
			children = (
				DB0168DE299B457A00E07875 /* FirebaseRepository.swift */,
			);
			path = Firestore;
			sourceTree = "<group>";
		};
		DB0168E3299C981600E07875 /* Lottie */ = {
			isa = PBXGroup;
			children = (
				DB0168E6299C9B0100E07875 /* splash.json */,
			);
			path = Lottie;
			sourceTree = "<group>";
		};
		DB0168E8299CAF1400E07875 /* Cell */ = {
			isa = PBXGroup;
			children = (
				DB0168FE29B05E9000E07875 /* ProfileSettingMenuCell.swift */,
				DB0168E9299CAF3100E07875 /* TestCell.swift */,
			);
			path = Cell;
			sourceTree = "<group>";
		};
		DB0168FD29B05E4000E07875 /* ProfileSetting */ = {
			isa = PBXGroup;
			children = (
				DB0168F929B0550E00E07875 /* ProfileSettingSection.swift */,
				DB0168FB29B05A8700E07875 /* ProfileSettingMenuData.swift */,
			);
			path = ProfileSetting;
			sourceTree = "<group>";
		};
		DB20A413298CABCE00AD31F7 /* Application */ = {
			isa = PBXGroup;
			children = (
				DB830FD32989EECB00D76B2B /* AppDelegate.swift */,
				DB830FD52989EECB00D76B2B /* SceneDelegate.swift */,
			);
			path = Application;
			sourceTree = "<group>";
		};
		DB20A414298CACB700AD31F7 /* Domain */ = {
			isa = PBXGroup;
			children = (
				DB20A418298CAD0E00AD31F7 /* UseCase */,
				DB20A417298CAD0300AD31F7 /* Entities */,
			);
			path = Domain;
			sourceTree = "<group>";
		};
		DB20A415298CACCB00AD31F7 /* Presentation */ = {
			isa = PBXGroup;
			children = (
				DB687AE9298A4520006A5E69 /* Custom */,
				DB687AD0298A1B99006A5E69 /* Stepper */,
				DB687ACF298A1B5A006A5E69 /* Step */,
				DB687ACE298A1B16006A5E69 /* Flow */,
				DB687AD2298A1BC0006A5E69 /* Reactor */,
				DB687AD1298A1BB9006A5E69 /* VC */,
				DB0168E8299CAF1400E07875 /* Cell */,
			);
			path = Presentation;
			sourceTree = "<group>";
		};
		DB20A416298CACD400AD31F7 /* Data */ = {
			isa = PBXGroup;
			children = (
				DB20A419298CAD1900AD31F7 /* Interfaces */,
			);
			path = Data;
			sourceTree = "<group>";
		};
		DB20A417298CAD0300AD31F7 /* Entities */ = {
			isa = PBXGroup;
			children = (
				DB0168FD29B05E4000E07875 /* ProfileSetting */,
				DB3E32B2299482F800EAD0B6 /* UserData.swift */,
				DB20A42929936D1A00AD31F7 /* KakaoData.swift */,
				DB20A427299327A100AD31F7 /* NaverData.swift */,
				DB3E32E42999D5B800EAD0B6 /* UserDefaultKeys.swift */,
			);
			path = Entities;
			sourceTree = "<group>";
		};
		DB20A418298CAD0E00AD31F7 /* UseCase */ = {
			isa = PBXGroup;
			children = (
				DB0168F729ADB66F00E07875 /* UserUseCase.swift */,
				DB20A41D298CC1D400AD31F7 /* KakaoUseCase.swift */,
				DB20A4232991EE8800AD31F7 /* NaverUseCase.swift */,
			);
			path = UseCase;
			sourceTree = "<group>";
		};
		DB20A419298CAD1900AD31F7 /* Interfaces */ = {
			isa = PBXGroup;
			children = (
				DB20A41A298CAD2400AD31F7 /* Repositories */,
			);
			path = Interfaces;
			sourceTree = "<group>";
		};
		DB20A41A298CAD2400AD31F7 /* Repositories */ = {
			isa = PBXGroup;
			children = (
				DB0168DB299B453A00E07875 /* Local */,
				DB0168DC299B454700E07875 /* SNSLogin */,
				DB0168DD299B455400E07875 /* Firestore */,
			);
			path = Repositories;
			sourceTree = "<group>";
		};
		DB687ACE298A1B16006A5E69 /* Flow */ = {
			isa = PBXGroup;
			children = (
				DB687AD3298A1C79006A5E69 /* AppFlow.swift */,
				DB3E32DE2999BE4E00EAD0B6 /* SplashFlow.swift */,
				DB687AD7298A1E43006A5E69 /* LoginFlow.swift */,
				DB3E32B42995DEE100EAD0B6 /* TabDashBoardFlow.swift */,
				DB3E32B62995E5E300EAD0B6 /* HomeTabFlow.swift */,
				DB3E32B82995E5FD00EAD0B6 /* SearchTabFlow.swift */,
				DB3E32BA2995E60800EAD0B6 /* MapTabFlow.swift */,
				DB3E32BC2995E64400EAD0B6 /* FeedTabFlow.swift */,
				DB3E32BE2995E65600EAD0B6 /* ProfileTabFlow.swift */,
				DB0168ED29A306A800E07875 /* ProfileSettingFlow.swift */,
				DB3E32D4299614E200EAD0B6 /* TestFlow.swift */,
			);
			path = Flow;
			sourceTree = "<group>";
		};
		DB687ACF298A1B5A006A5E69 /* Step */ = {
			isa = PBXGroup;
			children = (
				DB687AD5298A1DB5006A5E69 /* AppStep.swift */,
			);
			path = Step;
			sourceTree = "<group>";
		};
		DB687AD0298A1B99006A5E69 /* Stepper */ = {
			isa = PBXGroup;
			children = (
				DB687AD9298A1EF8006A5E69 /* AppStepper.swift */,
			);
			path = Stepper;
			sourceTree = "<group>";
		};
		DB687AD1298A1BB9006A5E69 /* VC */ = {
			isa = PBXGroup;
			children = (
				DB3E32DA2999BE2B00EAD0B6 /* SplashViewController.swift */,
				DB687ADD298A1FC5006A5E69 /* LoginViewController.swift */,
				DB01690229D3F9C300E07875 /* TabDashBoardViewController.swift */,
				DB3E32CA2995FC0900EAD0B6 /* HomeTabViewController.swift */,
				DB3E32CC2995FC1A00EAD0B6 /* SearchTabViewController.swift */,
				DB3E32CE2995FC2900EAD0B6 /* MapTabViewController.swift */,
				DB3E32D02995FC3800EAD0B6 /* FeedTabViewController.swift */,
				DB3E32D22995FC5100EAD0B6 /* ProfileTabViewController.swift */,
				DB0168F129A306CF00E07875 /* ProfileSettingViewController.swift */,
				DB3E32D8299614FB00EAD0B6 /* TestViewController.swift */,
			);
			path = VC;
			sourceTree = "<group>";
		};
		DB687AD2298A1BC0006A5E69 /* Reactor */ = {
			isa = PBXGroup;
			children = (
				DB3E32DC2999BE4000EAD0B6 /* SplashViewReactor.swift */,
				DB687ADB298A1FA5006A5E69 /* LoginViewReactor.swift */,
				DB01690029D3F9AD00E07875 /* TabDashBoardViewReactor.swift */,
				DB3E32C02995FBAE00EAD0B6 /* HomeTabViewReactor.swift */,
				DB3E32C22995FBC700EAD0B6 /* SearchTabViewReactor.swift */,
				DB3E32C42995FBD400EAD0B6 /* MapTabViewReactor.swift */,
				DB3E32C62995FBE800EAD0B6 /* FeedTabViewReactor.swift */,
				DB3E32C82995FBF800EAD0B6 /* ProfileTabViewReactor.swift */,
				DB0168EF29A306C000E07875 /* ProfileSettingViewReactor.swift */,
				DB3E32D6299614ED00EAD0B6 /* TestViewReactor.swift */,
			);
			path = Reactor;
			sourceTree = "<group>";
		};
		DB687AE1298A2A5A006A5E69 /* Resource */ = {
			isa = PBXGroup;
			children = (
				DB0168E3299C981600E07875 /* Lottie */,
				DB687AE2298A2A7C006A5E69 /* Strings */,
				DB687AF2298C99EB006A5E69 /* AppKeys.swift */,
				DB0168EB299CC70600E07875 /* Const.swift */,
			);
			path = Resource;
			sourceTree = "<group>";
		};
		DB687AE2298A2A7C006A5E69 /* Strings */ = {
			isa = PBXGroup;
			children = (
				DB687AE7298A2BB3006A5E69 /* Localizable.strings */,
			);
			path = Strings;
			sourceTree = "<group>";
		};
		DB687AE9298A4520006A5E69 /* Custom */ = {
			isa = PBXGroup;
			children = (
				DB687AEC298A4AE6006A5E69 /* Extension.swift */,
				DB687AEA298A4545006A5E69 /* LoginButton.swift */,
				DB01690729D55BF200E07875 /* OSLogExtension.swift */,
			);
			path = Custom;
			sourceTree = "<group>";
		};
		DB830FC72989EECA00D76B2B = {
			isa = PBXGroup;
			children = (
				DB830FD22989EECB00D76B2B /* Hotple */,
				DB830FD12989EECB00D76B2B /* Products */,
				3150BF9F434A83CEB27E6872 /* Pods */,
				2C584BCDFE318348939228F1 /* Frameworks */,
			);
			sourceTree = "<group>";
		};
		DB830FD12989EECB00D76B2B /* Products */ = {
			isa = PBXGroup;
			children = (
				DB830FD02989EECB00D76B2B /* Hotple.app */,
			);
			name = Products;
			sourceTree = "<group>";
		};
		DB830FD22989EECB00D76B2B /* Hotple */ = {
			isa = PBXGroup;
			children = (
				DBD21F762A14B8740046EE3C /* ClusterUtil */,
				DB20A413298CABCE00AD31F7 /* Application */,
				DB20A415298CACCB00AD31F7 /* Presentation */,
				DB20A414298CACB700AD31F7 /* Domain */,
				DB20A416298CACD400AD31F7 /* Data */,
				DB687AE1298A2A5A006A5E69 /* Resource */,
				DB830FE12989EECB00D76B2B /* Info.plist */,
				DB3E32E6299B1DF400EAD0B6 /* GoogleService-Info.plist */,
				DB830FDC2989EECB00D76B2B /* Assets.xcassets */,
				DB830FDE2989EECB00D76B2B /* LaunchScreen.storyboard */,
			);
			path = Hotple;
			sourceTree = "<group>";
		};
		DBD21F762A14B8740046EE3C /* ClusterUtil */ = {
			isa = PBXGroup;
			children = (
				DBD21F9A2A14B8860046EE3C /* Clustering */,
				DBD21FA02A14B8860046EE3C /* CoreData */,
				DBD21FA72A14B8860046EE3C /* Extension */,
				DBD21FBA2A14B8860046EE3C /* Models */,
				DBD21F772A14B8860046EE3C /* Resources */,
				DBD21F822A14B8860046EE3C /* Scenes */,
				DBD21FB12A14B8860046EE3C /* Util */,
			);
			path = ClusterUtil;
			sourceTree = "<group>";
		};
		DBD21F772A14B8860046EE3C /* Resources */ = {
			isa = PBXGroup;
			children = (
				DBD21F782A14B8860046EE3C /* POIRawData */,
				DBD21F7E2A14B8860046EE3C /* Fonts */,
			);
			path = Resources;
			sourceTree = "<group>";
		};
		DBD21F782A14B8860046EE3C /* POIRawData */ = {
			isa = PBXGroup;
			children = (
				DBD21F792A14B8860046EE3C /* json */,
				DBD21F7C2A14B8860046EE3C /* csv */,
			);
			path = POIRawData;
			sourceTree = "<group>";
		};
		DBD21F792A14B8860046EE3C /* json */ = {
			isa = PBXGroup;
			children = (
				DBD21F7A2A14B8860046EE3C /* restaurant.json */,
				DBD21F7B2A14B8860046EE3C /* gangnam_8000.json */,
			);
			path = json;
			sourceTree = "<group>";
		};
		DBD21F7C2A14B8860046EE3C /* csv */ = {
			isa = PBXGroup;
			children = (
				DBD21F7D2A14B8860046EE3C /* poi.csv */,
			);
			path = csv;
			sourceTree = "<group>";
		};
		DBD21F7E2A14B8860046EE3C /* Fonts */ = {
			isa = PBXGroup;
			children = (
				DBD21F7F2A14B8860046EE3C /* BMEuljiro10yearslaterOTF.otf */,
				DBD21F802A14B8860046EE3C /* NanumSquareRoundOTFR.otf */,
				DBD21F812A14B8860046EE3C /* NanumSquareRoundOTFEB.otf */,
			);
			path = Fonts;
			sourceTree = "<group>";
		};
		DBD21F822A14B8860046EE3C /* Scenes */ = {
			isa = PBXGroup;
			children = (
				DBD21F832A14B8860046EE3C /* Loading */,
				DBD21F852A14B8860046EE3C /* Detail */,
				DBD21F892A14B8860046EE3C /* DrawerMenu */,
				DBD21F8B2A14B8860046EE3C /* MainView */,
				DBD21F922A14B8860046EE3C /* Views */,
			);
			path = Scenes;
			sourceTree = "<group>";
		};
		DBD21F832A14B8860046EE3C /* Loading */ = {
			isa = PBXGroup;
			children = (
				DBD21F842A14B8860046EE3C /* LoadViewController.swift */,
			);
			path = Loading;
			sourceTree = "<group>";
		};
		DBD21F852A14B8860046EE3C /* Detail */ = {
			isa = PBXGroup;
			children = (
				DBD21F862A14B8860046EE3C /* DetailViewController.swift */,
				DBD21F872A14B8860046EE3C /* View */,
			);
			path = Detail;
			sourceTree = "<group>";
		};
		DBD21F872A14B8860046EE3C /* View */ = {
			isa = PBXGroup;
			children = (
				DBD21F882A14B8860046EE3C /* DetailCollectionViewCell.swift */,
			);
			path = View;
			sourceTree = "<group>";
		};
		DBD21F892A14B8860046EE3C /* DrawerMenu */ = {
			isa = PBXGroup;
			children = (
				DBD21F8A2A14B8860046EE3C /* DrawerController.swift */,
			);
			path = DrawerMenu;
			sourceTree = "<group>";
		};
		DBD21F8B2A14B8860046EE3C /* MainView */ = {
			isa = PBXGroup;
			children = (
				DBD21F8C2A14B8860046EE3C /* MainViewController.swift */,
				DBD21F8D2A14B8860046EE3C /* MainInteractor.swift */,
				DBD21F8E2A14B8860046EE3C /* MainPresenter.swift */,
				DBD21F8F2A14B8860046EE3C /* AlertType.swift */,
				DBD21F902A14B8860046EE3C /* Animations */,
			);
			path = MainView;
			sourceTree = "<group>";
		};
		DBD21F902A14B8860046EE3C /* Animations */ = {
			isa = PBXGroup;
			children = (
				DBD21F912A14B8860046EE3C /* MainAnimationController.swift */,
			);
			path = Animations;
			sourceTree = "<group>";
		};
		DBD21F922A14B8860046EE3C /* Views */ = {
			isa = PBXGroup;
			children = (
				DBD21FF92A14BC260046EE3C /* Detail.storyboard */,
				DBD21FF82A14BC260046EE3C /* Loading.storyboard */,
				DBD21F942A14B8860046EE3C /* MarkerLayerFactory.swift */,
			);
			path = Views;
			sourceTree = "<group>";
		};
		DBD21F9A2A14B8860046EE3C /* Clustering */ = {
			isa = PBXGroup;
			children = (
				DBD21F9B2A14B8860046EE3C /* ConvexHull.swift */,
				DBD21F9C2A14B8860046EE3C /* KMeans.swift */,
				DBD21F9D2A14B8860046EE3C /* Clustering.swift */,
				DBD21F9E2A14B8860046EE3C /* ClusteringProtocol.swift */,
				DBD21F9F2A14B8860046EE3C /* Cluster.swift */,
			);
			path = Clustering;
			sourceTree = "<group>";
		};
		DBD21FA02A14B8860046EE3C /* CoreData */ = {
			isa = PBXGroup;
			children = (
				DBD21FA12A14B8860046EE3C /* Models */,
				DBD21FA52A14B8860046EE3C /* CoreDataLayer.swift */,
				DBD21FA62A14B8860046EE3C /* CoreDataContainer.swift */,
			);
			path = CoreData;
			sourceTree = "<group>";
		};
		DBD21FA12A14B8860046EE3C /* Models */ = {
			isa = PBXGroup;
			children = (
				DBD21FA22A14B8860046EE3C /* POI.swift */,
				DBD21FA32A14B8860046EE3C /* ManagedPOI+CoreDataClass.swift */,
				DBD21FA42A14B8860046EE3C /* ManagedPOI+CoreDataProperties.swift */,
			);
			path = Models;
			sourceTree = "<group>";
		};
		DBD21FA72A14B8860046EE3C /* Extension */ = {
			isa = PBXGroup;
			children = (
				DBD21FA82A14B8860046EE3C /* NMFMarker+.swift */,
				DBD21FA92A14B8860046EE3C /* String+Localize.swift */,
				DBD21FAA2A14B8860046EE3C /* CGPoint+Distance.swift */,
				DBD21FAB2A14B8860046EE3C /* NMFMarker+Animation.swift */,
				DBD21FAC2A14B8860046EE3C /* NMFCameraUpdate+.swift */,
				DBD21FAD2A14B8860046EE3C /* CGPoint+isValid.swift */,
				DBD21FAE2A14B8860046EE3C /* UIColor+.swift */,
				DBD21FAF2A14B8860046EE3C /* String+Bundle.swift */,
				DBD21FB02A14B8860046EE3C /* NMFPolygonOverlay+.swift */,
			);
			path = Extension;
			sourceTree = "<group>";
		};
		DBD21FB12A14B8860046EE3C /* Util */ = {
			isa = PBXGroup;
			children = (
				DBD21FB22A14B8860046EE3C /* CSVParser.swift */,
				DBD21FB32A14B8860046EE3C /* DataParser.swift */,
				DBD21FB42A14B8860046EE3C /* ImageDownloader.swift */,
				DBD21FB52A14B8860046EE3C /* PropertyWrapper */,
				DBD21FB82A14B8860046EE3C /* AddressAPI.swift */,
				DBD21FB92A14B8860046EE3C /* JsonParser.swift */,
			);
			path = Util;
			sourceTree = "<group>";
		};
		DBD21FB52A14B8860046EE3C /* PropertyWrapper */ = {
			isa = PBXGroup;
			children = (
				DBD21FB62A14B8860046EE3C /* IsCheck.swift */,
				DBD21FB72A14B8860046EE3C /* Value.swift */,
			);
			path = PropertyWrapper;
			sourceTree = "<group>";
		};
		DBD21FBA2A14B8860046EE3C /* Models */ = {
			isa = PBXGroup;
			children = (
				DBD21FBB2A14B8860046EE3C /* DrawerModels */,
				DBD21FBF2A14B8860046EE3C /* Geocoding.swift */,
				DBD21FC02A14B8860046EE3C /* LatLng.swift */,
				DBD21FC12A14B8860046EE3C /* POIModel.swift */,
				DBD21FC22A14B8860046EE3C /* LinkedList.swift */,
			);
			path = Models;
			sourceTree = "<group>";
		};
		DBD21FBB2A14B8860046EE3C /* DrawerModels */ = {
			isa = PBXGroup;
			children = (
				DBD21FBC2A14B8860046EE3C /* MapSettings.swift */,
				DBD21FBD2A14B8860046EE3C /* MapTypes.swift */,
				DBD21FBE2A14B8860046EE3C /* LayerGroup.swift */,
			);
			path = DrawerModels;
			sourceTree = "<group>";
		};
/* End PBXGroup section */

/* Begin PBXNativeTarget section */
		DB830FCF2989EECB00D76B2B /* Hotple */ = {
			isa = PBXNativeTarget;
			buildConfigurationList = DB830FE42989EECB00D76B2B /* Build configuration list for PBXNativeTarget "Hotple" */;
			buildPhases = (
				AEE6940A98941EF4C3C1404F /* [CP] Check Pods Manifest.lock */,
				DB830FCC2989EECB00D76B2B /* Sources */,
				DB830FCD2989EECB00D76B2B /* Frameworks */,
				DB830FCE2989EECB00D76B2B /* Resources */,
				AAE1EA9DECD5ABA5827537EE /* [CP] Embed Pods Frameworks */,
			);
			buildRules = (
			);
			dependencies = (
			);
			name = Hotple;
			productName = Hotple;
			productReference = DB830FD02989EECB00D76B2B /* Hotple.app */;
			productType = "com.apple.product-type.application";
		};
/* End PBXNativeTarget section */

/* Begin PBXProject section */
		DB830FC82989EECA00D76B2B /* Project object */ = {
			isa = PBXProject;
			attributes = {
				BuildIndependentTargetsInParallel = 1;
				LastSwiftUpdateCheck = 1420;
				LastUpgradeCheck = 1420;
				TargetAttributes = {
					DB830FCF2989EECB00D76B2B = {
						CreatedOnToolsVersion = 14.2;
					};
				};
			};
			buildConfigurationList = DB830FCB2989EECA00D76B2B /* Build configuration list for PBXProject "Hotple" */;
			compatibilityVersion = "Xcode 14.0";
			developmentRegion = en;
			hasScannedForEncodings = 0;
			knownRegions = (
				en,
				Base,
				ko,
			);
			mainGroup = DB830FC72989EECA00D76B2B;
			productRefGroup = DB830FD12989EECB00D76B2B /* Products */;
			projectDirPath = "";
			projectRoot = "";
			targets = (
				DB830FCF2989EECB00D76B2B /* Hotple */,
			);
		};
/* End PBXProject section */

/* Begin PBXResourcesBuildPhase section */
		DB830FCE2989EECB00D76B2B /* Resources */ = {
			isa = PBXResourcesBuildPhase;
			buildActionMask = 2147483647;
			files = (
				DB0168E7299C9B0100E07875 /* splash.json in Resources */,
				DBD21FC52A14B8860046EE3C /* poi.csv in Resources */,
				DB830FE02989EECB00D76B2B /* LaunchScreen.storyboard in Resources */,
				DBD21FFB2A14BC260046EE3C /* Detail.storyboard in Resources */,
				DBD21FFA2A14BC260046EE3C /* Loading.storyboard in Resources */,
				DB687AE5298A2BB3006A5E69 /* Localizable.strings in Resources */,
				DB830FDD2989EECB00D76B2B /* Assets.xcassets in Resources */,
				DBD21FC62A14B8860046EE3C /* BMEuljiro10yearslaterOTF.otf in Resources */,
				DBD21FC72A14B8860046EE3C /* NanumSquareRoundOTFR.otf in Resources */,
				DBD21FC42A14B8860046EE3C /* gangnam_8000.json in Resources */,
				DBD21FC32A14B8860046EE3C /* restaurant.json in Resources */,
				DBD21FC82A14B8860046EE3C /* NanumSquareRoundOTFEB.otf in Resources */,
				DB3E32E7299B1DF400EAD0B6 /* GoogleService-Info.plist in Resources */,
			);
			runOnlyForDeploymentPostprocessing = 0;
		};
/* End PBXResourcesBuildPhase section */

/* Begin PBXShellScriptBuildPhase section */
		AAE1EA9DECD5ABA5827537EE /* [CP] Embed Pods Frameworks */ = {
			isa = PBXShellScriptBuildPhase;
			buildActionMask = 2147483647;
			files = (
			);
			inputFileListPaths = (
				"${PODS_ROOT}/Target Support Files/Pods-Hotple/Pods-Hotple-frameworks-${CONFIGURATION}-input-files.xcfilelist",
			);
			name = "[CP] Embed Pods Frameworks";
			outputFileListPaths = (
				"${PODS_ROOT}/Target Support Files/Pods-Hotple/Pods-Hotple-frameworks-${CONFIGURATION}-output-files.xcfilelist",
			);
			runOnlyForDeploymentPostprocessing = 0;
			shellPath = /bin/sh;
			shellScript = "\"${PODS_ROOT}/Target Support Files/Pods-Hotple/Pods-Hotple-frameworks.sh\"\n";
			showEnvVarsInLog = 0;
		};
		AEE6940A98941EF4C3C1404F /* [CP] Check Pods Manifest.lock */ = {
			isa = PBXShellScriptBuildPhase;
			buildActionMask = 2147483647;
			files = (
			);
			inputFileListPaths = (
			);
			inputPaths = (
				"${PODS_PODFILE_DIR_PATH}/Podfile.lock",
				"${PODS_ROOT}/Manifest.lock",
			);
			name = "[CP] Check Pods Manifest.lock";
			outputFileListPaths = (
			);
			outputPaths = (
				"$(DERIVED_FILE_DIR)/Pods-Hotple-checkManifestLockResult.txt",
			);
			runOnlyForDeploymentPostprocessing = 0;
			shellPath = /bin/sh;
			shellScript = "diff \"${PODS_PODFILE_DIR_PATH}/Podfile.lock\" \"${PODS_ROOT}/Manifest.lock\" > /dev/null\nif [ $? != 0 ] ; then\n    # print error to STDERR\n    echo \"error: The sandbox is not in sync with the Podfile.lock. Run 'pod install' or update your CocoaPods installation.\" >&2\n    exit 1\nfi\n# This output is used by Xcode 'outputs' to avoid re-running this script phase.\necho \"SUCCESS\" > \"${SCRIPT_OUTPUT_FILE_0}\"\n";
			showEnvVarsInLog = 0;
		};
/* End PBXShellScriptBuildPhase section */

/* Begin PBXSourcesBuildPhase section */
		DB830FCC2989EECB00D76B2B /* Sources */ = {
			isa = PBXSourcesBuildPhase;
			buildActionMask = 2147483647;
			files = (
				DB3E32BF2995E65600EAD0B6 /* ProfileTabFlow.swift in Sources */,
				DBD21FD12A14B8860046EE3C /* MainAnimationController.swift in Sources */,
				DB3E32D5299614E200EAD0B6 /* TestFlow.swift in Sources */,
				DBD21FC92A14B8860046EE3C /* LoadViewController.swift in Sources */,
				DBD21FDE2A14B8860046EE3C /* ManagedPOI+CoreDataProperties.swift in Sources */,
				DB687AD8298A1E43006A5E69 /* LoginFlow.swift in Sources */,
				DB0168FA29B0550E00E07875 /* ProfileSettingSection.swift in Sources */,
				DB3E32D12995FC3800EAD0B6 /* FeedTabViewController.swift in Sources */,
				DBD21FF22A14B8860046EE3C /* MapTypes.swift in Sources */,
				DB3E32CB2995FC0900EAD0B6 /* HomeTabViewController.swift in Sources */,
				DB3E32C52995FBD400EAD0B6 /* MapTabViewReactor.swift in Sources */,
				DBD21FEA2A14B8860046EE3C /* CSVParser.swift in Sources */,
				DB3E32DB2999BE2B00EAD0B6 /* SplashViewController.swift in Sources */,
				DBD21FF02A14B8860046EE3C /* JsonParser.swift in Sources */,
				DB3E32CD2995FC1A00EAD0B6 /* SearchTabViewController.swift in Sources */,
				DB687AEB298A4545006A5E69 /* LoginButton.swift in Sources */,
				DB3E32D7299614ED00EAD0B6 /* TestViewReactor.swift in Sources */,
				DB687AF3298C99EB006A5E69 /* AppKeys.swift in Sources */,
				DB01690329D3F9C300E07875 /* TabDashBoardViewController.swift in Sources */,
				DB0168F029A306C000E07875 /* ProfileSettingViewReactor.swift in Sources */,
				DBD21FE82A14B8860046EE3C /* String+Bundle.swift in Sources */,
				DB3E32D32995FC5100EAD0B6 /* ProfileTabViewController.swift in Sources */,
				DBD21FD82A14B8860046EE3C /* KMeans.swift in Sources */,
				DB3E32CF2995FC2900EAD0B6 /* MapTabViewController.swift in Sources */,
				DB830FD42989EECB00D76B2B /* AppDelegate.swift in Sources */,
				DBD21FCC2A14B8860046EE3C /* DrawerController.swift in Sources */,
				DB687AD6298A1DB5006A5E69 /* AppStep.swift in Sources */,
				DBD21FE72A14B8860046EE3C /* UIColor+.swift in Sources */,
				DB20A41E298CC1D400AD31F7 /* KakaoUseCase.swift in Sources */,
				DB3E32E32999D19E00EAD0B6 /* LocalRepository.swift in Sources */,
				DB0168DF299B457A00E07875 /* FirebaseRepository.swift in Sources */,
				DB0168EE29A306A800E07875 /* ProfileSettingFlow.swift in Sources */,
				DB3E32BD2995E64400EAD0B6 /* FeedTabFlow.swift in Sources */,
				DBD21FD92A14B8860046EE3C /* Clustering.swift in Sources */,
				DB20A422298CC5AD00AD31F7 /* KakaoRepository.swift in Sources */,
				DBD21FF42A14B8860046EE3C /* Geocoding.swift in Sources */,
				DB0168FF29B05E9000E07875 /* ProfileSettingMenuCell.swift in Sources */,
				DB3E32B3299482F800EAD0B6 /* UserData.swift in Sources */,
				DB0168FC29B05A8700E07875 /* ProfileSettingMenuData.swift in Sources */,
				DBD21FE32A14B8860046EE3C /* CGPoint+Distance.swift in Sources */,
				DB0168F229A306CF00E07875 /* ProfileSettingViewController.swift in Sources */,
				DBD21FF52A14B8860046EE3C /* LatLng.swift in Sources */,
				DB687AD4298A1C79006A5E69 /* AppFlow.swift in Sources */,
				DBD21FDD2A14B8860046EE3C /* ManagedPOI+CoreDataClass.swift in Sources */,
				DBD21FDB2A14B8860046EE3C /* Cluster.swift in Sources */,
				DBD21FE62A14B8860046EE3C /* CGPoint+isValid.swift in Sources */,
				DBD21FED2A14B8860046EE3C /* IsCheck.swift in Sources */,
				DB3E32D9299614FB00EAD0B6 /* TestViewController.swift in Sources */,
				DBD21FE22A14B8860046EE3C /* String+Localize.swift in Sources */,
				DBD21FEB2A14B8860046EE3C /* DataParser.swift in Sources */,
				DBD21FD72A14B8860046EE3C /* ConvexHull.swift in Sources */,
				DBD21FE52A14B8860046EE3C /* NMFCameraUpdate+.swift in Sources */,
				DBD21FCB2A14B8860046EE3C /* DetailCollectionViewCell.swift in Sources */,
				DB20A4262991EF0F00AD31F7 /* NaverRepository.swift in Sources */,
				DB01690829D55BF200E07875 /* OSLogExtension.swift in Sources */,
				DBD21FCF2A14B8860046EE3C /* MainPresenter.swift in Sources */,
				DB3E32BB2995E60800EAD0B6 /* MapTabFlow.swift in Sources */,
				DBD21FCE2A14B8860046EE3C /* MainInteractor.swift in Sources */,
				DBD21FF62A14B8860046EE3C /* POIModel.swift in Sources */,
				DB3E32C92995FBF800EAD0B6 /* ProfileTabViewReactor.swift in Sources */,
				DB3E32C72995FBE800EAD0B6 /* FeedTabViewReactor.swift in Sources */,
				DB01690129D3F9AD00E07875 /* TabDashBoardViewReactor.swift in Sources */,
				DBD21FD02A14B8860046EE3C /* AlertType.swift in Sources */,
				DBD21FE12A14B8860046EE3C /* NMFMarker+.swift in Sources */,
				DBD21FCD2A14B8860046EE3C /* MainViewController.swift in Sources */,
				DB3E32E52999D5B800EAD0B6 /* UserDefaultKeys.swift in Sources */,
				DB3E32C12995FBAE00EAD0B6 /* HomeTabViewReactor.swift in Sources */,
				DBD21FF12A14B8860046EE3C /* MapSettings.swift in Sources */,
				DBD21FDF2A14B8860046EE3C /* CoreDataLayer.swift in Sources */,
				DB3E32B92995E5FD00EAD0B6 /* SearchTabFlow.swift in Sources */,
				DB20A42A29936D1A00AD31F7 /* KakaoData.swift in Sources */,
				DB3E32B72995E5E300EAD0B6 /* HomeTabFlow.swift in Sources */,
				DB687AED298A4AE6006A5E69 /* Extension.swift in Sources */,
				DBD21FE42A14B8860046EE3C /* NMFMarker+Animation.swift in Sources */,
				DB0168EA299CAF3100E07875 /* TestCell.swift in Sources */,
				DBD21FDA2A14B8860046EE3C /* ClusteringProtocol.swift in Sources */,
				DB3E32DF2999BE4E00EAD0B6 /* SplashFlow.swift in Sources */,
				DB687ADE298A1FC5006A5E69 /* LoginViewController.swift in Sources */,
				DB3E32DD2999BE4000EAD0B6 /* SplashViewReactor.swift in Sources */,
				DB3E32C32995FBC700EAD0B6 /* SearchTabViewReactor.swift in Sources */,
				DBD21FCA2A14B8860046EE3C /* DetailViewController.swift in Sources */,
				DB20A428299327A100AD31F7 /* NaverData.swift in Sources */,
				DBD21FE92A14B8860046EE3C /* NMFPolygonOverlay+.swift in Sources */,
				DBD21FDC2A14B8860046EE3C /* POI.swift in Sources */,
				DB830FD62989EECB00D76B2B /* SceneDelegate.swift in Sources */,
				DB0168F829ADB66F00E07875 /* UserUseCase.swift in Sources */,
				DBD21FE02A14B8860046EE3C /* CoreDataContainer.swift in Sources */,
				DB3E32B52995DEE100EAD0B6 /* TabDashBoardFlow.swift in Sources */,
				DB687ADA298A1EF8006A5E69 /* AppStepper.swift in Sources */,
				DBD21FEF2A14B8860046EE3C /* AddressAPI.swift in Sources */,
				DBD21FF72A14B8860046EE3C /* LinkedList.swift in Sources */,
				DBD21FEC2A14B8860046EE3C /* ImageDownloader.swift in Sources */,
				DB687ADC298A1FA5006A5E69 /* LoginViewReactor.swift in Sources */,
				DBD21FD32A14B8860046EE3C /* MarkerLayerFactory.swift in Sources */,
				DB20A4242991EE8800AD31F7 /* NaverUseCase.swift in Sources */,
				DBD21FF32A14B8860046EE3C /* LayerGroup.swift in Sources */,
				DBD21FEE2A14B8860046EE3C /* Value.swift in Sources */,
				DB0168EC299CC70600E07875 /* Const.swift in Sources */,
			);
			runOnlyForDeploymentPostprocessing = 0;
		};
/* End PBXSourcesBuildPhase section */

/* Begin PBXVariantGroup section */
		DB687AE7298A2BB3006A5E69 /* Localizable.strings */ = {
			isa = PBXVariantGroup;
			children = (
				DB687AE6298A2BB3006A5E69 /* en */,
				DB687AE8298A2BF3006A5E69 /* ko */,
			);
			name = Localizable.strings;
			sourceTree = "<group>";
		};
		DB830FDE2989EECB00D76B2B /* LaunchScreen.storyboard */ = {
			isa = PBXVariantGroup;
			children = (
				DB830FDF2989EECB00D76B2B /* Base */,
			);
			name = LaunchScreen.storyboard;
			sourceTree = "<group>";
		};
/* End PBXVariantGroup section */

/* Begin XCBuildConfiguration section */
		DB830FE22989EECB00D76B2B /* Debug */ = {
			isa = XCBuildConfiguration;
			buildSettings = {
				ALWAYS_SEARCH_USER_PATHS = NO;
				CLANG_ANALYZER_LOCALIZABILITY_NONLOCALIZED = YES;
				CLANG_ANALYZER_NONNULL = YES;
				CLANG_ANALYZER_NUMBER_OBJECT_CONVERSION = YES_AGGRESSIVE;
				CLANG_CXX_LANGUAGE_STANDARD = "gnu++20";
				CLANG_ENABLE_MODULES = YES;
				CLANG_ENABLE_OBJC_ARC = YES;
				CLANG_ENABLE_OBJC_WEAK = YES;
				CLANG_WARN_BLOCK_CAPTURE_AUTORELEASING = YES;
				CLANG_WARN_BOOL_CONVERSION = YES;
				CLANG_WARN_COMMA = YES;
				CLANG_WARN_CONSTANT_CONVERSION = YES;
				CLANG_WARN_DEPRECATED_OBJC_IMPLEMENTATIONS = YES;
				CLANG_WARN_DIRECT_OBJC_ISA_USAGE = YES_ERROR;
				CLANG_WARN_DOCUMENTATION_COMMENTS = YES;
				CLANG_WARN_EMPTY_BODY = YES;
				CLANG_WARN_ENUM_CONVERSION = YES;
				CLANG_WARN_INFINITE_RECURSION = YES;
				CLANG_WARN_INT_CONVERSION = YES;
				CLANG_WARN_NON_LITERAL_NULL_CONVERSION = YES;
				CLANG_WARN_OBJC_IMPLICIT_RETAIN_SELF = YES;
				CLANG_WARN_OBJC_LITERAL_CONVERSION = YES;
				CLANG_WARN_OBJC_ROOT_CLASS = YES_ERROR;
				CLANG_WARN_QUOTED_INCLUDE_IN_FRAMEWORK_HEADER = YES;
				CLANG_WARN_RANGE_LOOP_ANALYSIS = YES;
				CLANG_WARN_STRICT_PROTOTYPES = YES;
				CLANG_WARN_SUSPICIOUS_MOVE = YES;
				CLANG_WARN_UNGUARDED_AVAILABILITY = YES_AGGRESSIVE;
				CLANG_WARN_UNREACHABLE_CODE = YES;
				CLANG_WARN__DUPLICATE_METHOD_MATCH = YES;
				COPY_PHASE_STRIP = NO;
				DEBUG_INFORMATION_FORMAT = dwarf;
				ENABLE_STRICT_OBJC_MSGSEND = YES;
				ENABLE_TESTABILITY = YES;
				GCC_C_LANGUAGE_STANDARD = gnu11;
				GCC_DYNAMIC_NO_PIC = NO;
				GCC_NO_COMMON_BLOCKS = YES;
				GCC_OPTIMIZATION_LEVEL = 0;
				GCC_PREPROCESSOR_DEFINITIONS = (
					"DEBUG=1",
					"$(inherited)",
				);
				GCC_WARN_64_TO_32_BIT_CONVERSION = YES;
				GCC_WARN_ABOUT_RETURN_TYPE = YES_ERROR;
				GCC_WARN_UNDECLARED_SELECTOR = YES;
				GCC_WARN_UNINITIALIZED_AUTOS = YES_AGGRESSIVE;
				GCC_WARN_UNUSED_FUNCTION = YES;
				GCC_WARN_UNUSED_VARIABLE = YES;
				IPHONEOS_DEPLOYMENT_TARGET = 14.0;
				MTL_ENABLE_DEBUG_INFO = INCLUDE_SOURCE;
				MTL_FAST_MATH = YES;
				ONLY_ACTIVE_ARCH = YES;
				SDKROOT = iphoneos;
				SWIFT_ACTIVE_COMPILATION_CONDITIONS = DEBUG;
				SWIFT_OPTIMIZATION_LEVEL = "-Onone";
			};
			name = Debug;
		};
		DB830FE32989EECB00D76B2B /* Release */ = {
			isa = XCBuildConfiguration;
			buildSettings = {
				ALWAYS_SEARCH_USER_PATHS = NO;
				CLANG_ANALYZER_LOCALIZABILITY_NONLOCALIZED = YES;
				CLANG_ANALYZER_NONNULL = YES;
				CLANG_ANALYZER_NUMBER_OBJECT_CONVERSION = YES_AGGRESSIVE;
				CLANG_CXX_LANGUAGE_STANDARD = "gnu++20";
				CLANG_ENABLE_MODULES = YES;
				CLANG_ENABLE_OBJC_ARC = YES;
				CLANG_ENABLE_OBJC_WEAK = YES;
				CLANG_WARN_BLOCK_CAPTURE_AUTORELEASING = YES;
				CLANG_WARN_BOOL_CONVERSION = YES;
				CLANG_WARN_COMMA = YES;
				CLANG_WARN_CONSTANT_CONVERSION = YES;
				CLANG_WARN_DEPRECATED_OBJC_IMPLEMENTATIONS = YES;
				CLANG_WARN_DIRECT_OBJC_ISA_USAGE = YES_ERROR;
				CLANG_WARN_DOCUMENTATION_COMMENTS = YES;
				CLANG_WARN_EMPTY_BODY = YES;
				CLANG_WARN_ENUM_CONVERSION = YES;
				CLANG_WARN_INFINITE_RECURSION = YES;
				CLANG_WARN_INT_CONVERSION = YES;
				CLANG_WARN_NON_LITERAL_NULL_CONVERSION = YES;
				CLANG_WARN_OBJC_IMPLICIT_RETAIN_SELF = YES;
				CLANG_WARN_OBJC_LITERAL_CONVERSION = YES;
				CLANG_WARN_OBJC_ROOT_CLASS = YES_ERROR;
				CLANG_WARN_QUOTED_INCLUDE_IN_FRAMEWORK_HEADER = YES;
				CLANG_WARN_RANGE_LOOP_ANALYSIS = YES;
				CLANG_WARN_STRICT_PROTOTYPES = YES;
				CLANG_WARN_SUSPICIOUS_MOVE = YES;
				CLANG_WARN_UNGUARDED_AVAILABILITY = YES_AGGRESSIVE;
				CLANG_WARN_UNREACHABLE_CODE = YES;
				CLANG_WARN__DUPLICATE_METHOD_MATCH = YES;
				COPY_PHASE_STRIP = NO;
				DEBUG_INFORMATION_FORMAT = "dwarf-with-dsym";
				ENABLE_NS_ASSERTIONS = NO;
				ENABLE_STRICT_OBJC_MSGSEND = YES;
				GCC_C_LANGUAGE_STANDARD = gnu11;
				GCC_NO_COMMON_BLOCKS = YES;
				GCC_WARN_64_TO_32_BIT_CONVERSION = YES;
				GCC_WARN_ABOUT_RETURN_TYPE = YES_ERROR;
				GCC_WARN_UNDECLARED_SELECTOR = YES;
				GCC_WARN_UNINITIALIZED_AUTOS = YES_AGGRESSIVE;
				GCC_WARN_UNUSED_FUNCTION = YES;
				GCC_WARN_UNUSED_VARIABLE = YES;
				IPHONEOS_DEPLOYMENT_TARGET = 14.0;
				MTL_ENABLE_DEBUG_INFO = NO;
				MTL_FAST_MATH = YES;
				SDKROOT = iphoneos;
				SWIFT_COMPILATION_MODE = wholemodule;
				SWIFT_OPTIMIZATION_LEVEL = "-O";
				VALIDATE_PRODUCT = YES;
			};
			name = Release;
		};
		DB830FE52989EECB00D76B2B /* Debug */ = {
			isa = XCBuildConfiguration;
			baseConfigurationReference = E0A947FA276A7FD213BEA009 /* Pods-Hotple.debug.xcconfig */;
			buildSettings = {
				ASSETCATALOG_COMPILER_APPICON_NAME = AppIcon;
				ASSETCATALOG_COMPILER_GLOBAL_ACCENT_COLOR_NAME = AccentColor;
				CODE_SIGN_STYLE = Automatic;
				CURRENT_PROJECT_VERSION = 1;
				DEVELOPMENT_TEAM = H95MAPX5SG;
				GENERATE_INFOPLIST_FILE = YES;
				INFOPLIST_FILE = Hotple/Info.plist;
				INFOPLIST_KEY_UIApplicationSupportsIndirectInputEvents = YES;
				INFOPLIST_KEY_UILaunchStoryboardName = LaunchScreen;
				INFOPLIST_KEY_UISupportedInterfaceOrientations_iPad = "UIInterfaceOrientationPortrait UIInterfaceOrientationPortraitUpsideDown UIInterfaceOrientationLandscapeLeft UIInterfaceOrientationLandscapeRight";
				INFOPLIST_KEY_UISupportedInterfaceOrientations_iPhone = "UIInterfaceOrientationPortrait UIInterfaceOrientationLandscapeLeft UIInterfaceOrientationLandscapeRight";
				IPHONEOS_DEPLOYMENT_TARGET = 14.0;
				LD_RUNPATH_SEARCH_PATHS = (
					"$(inherited)",
					"@executable_path/Frameworks",
				);
				MARKETING_VERSION = 1.0;
				PRODUCT_BUNDLE_IDENTIFIER = com.github.seonghooony.Hotple;
				PRODUCT_NAME = "$(TARGET_NAME)";
				SWIFT_EMIT_LOC_STRINGS = YES;
				SWIFT_VERSION = 5.0;
				TARGETED_DEVICE_FAMILY = "1,2";
			};
			name = Debug;
		};
		DB830FE62989EECB00D76B2B /* Release */ = {
			isa = XCBuildConfiguration;
			baseConfigurationReference = AD77685B3DA3552ACF9DAF24 /* Pods-Hotple.release.xcconfig */;
			buildSettings = {
				ASSETCATALOG_COMPILER_APPICON_NAME = AppIcon;
				ASSETCATALOG_COMPILER_GLOBAL_ACCENT_COLOR_NAME = AccentColor;
				CODE_SIGN_STYLE = Automatic;
				CURRENT_PROJECT_VERSION = 1;
				DEVELOPMENT_TEAM = H95MAPX5SG;
				GENERATE_INFOPLIST_FILE = YES;
				INFOPLIST_FILE = Hotple/Info.plist;
				INFOPLIST_KEY_UIApplicationSupportsIndirectInputEvents = YES;
				INFOPLIST_KEY_UILaunchStoryboardName = LaunchScreen;
				INFOPLIST_KEY_UISupportedInterfaceOrientations_iPad = "UIInterfaceOrientationPortrait UIInterfaceOrientationPortraitUpsideDown UIInterfaceOrientationLandscapeLeft UIInterfaceOrientationLandscapeRight";
				INFOPLIST_KEY_UISupportedInterfaceOrientations_iPhone = "UIInterfaceOrientationPortrait UIInterfaceOrientationLandscapeLeft UIInterfaceOrientationLandscapeRight";
				IPHONEOS_DEPLOYMENT_TARGET = 14.0;
				LD_RUNPATH_SEARCH_PATHS = (
					"$(inherited)",
					"@executable_path/Frameworks",
				);
				MARKETING_VERSION = 1.0;
				PRODUCT_BUNDLE_IDENTIFIER = com.github.seonghooony.Hotple;
				PRODUCT_NAME = "$(TARGET_NAME)";
				SWIFT_EMIT_LOC_STRINGS = YES;
				SWIFT_VERSION = 5.0;
				TARGETED_DEVICE_FAMILY = "1,2";
			};
			name = Release;
		};
/* End XCBuildConfiguration section */

/* Begin XCConfigurationList section */
		DB830FCB2989EECA00D76B2B /* Build configuration list for PBXProject "Hotple" */ = {
			isa = XCConfigurationList;
			buildConfigurations = (
				DB830FE22989EECB00D76B2B /* Debug */,
				DB830FE32989EECB00D76B2B /* Release */,
			);
			defaultConfigurationIsVisible = 0;
			defaultConfigurationName = Release;
		};
		DB830FE42989EECB00D76B2B /* Build configuration list for PBXNativeTarget "Hotple" */ = {
			isa = XCConfigurationList;
			buildConfigurations = (
				DB830FE52989EECB00D76B2B /* Debug */,
				DB830FE62989EECB00D76B2B /* Release */,
			);
			defaultConfigurationIsVisible = 0;
			defaultConfigurationName = Release;
		};
/* End XCConfigurationList section */
	};
	rootObject = DB830FC82989EECA00D76B2B /* Project object */;
}
